
Microsoft Visual Studio Solution File, Format Version 12.00
# Visual Studio Version 17
VisualStudioVersion = 17.8.34408.163
MinimumVisualStudioVersion = 10.0.40219.1
Project("{FAE04EC0-301F-11D3-BF4B-00C04F79EFBC}") = "ArtShopApp.Server", "ArtShopApp.Server\ArtShopApp.Server.csproj", "{6EDBDFAA-4F1D-4A2C-B0FC-9B23D8B3F243}"
EndProject
Project("{54A90642-561A-4BB1-A94E-469ADEE60C69}") = "artshopapp.client", "artshopapp.client\artshopapp.client.esproj", "{3229CE6A-BE7B-49E8-9570-AAA6C35766E2}"
EndProject
Global
	GlobalSection(SolutionConfigurationPlatforms) = preSolution
		Debug|Any CPU = Debug|Any CPU
		Release|Any CPU = Release|Any CPU
	EndGlobalSection
	GlobalSection(ProjectConfigurationPlatforms) = postSolution
		{6EDBDFAA-4F1D-4A2C-B0FC-9B23D8B3F243}.Debug|Any CPU.ActiveCfg = Debug|Any CPU
		{6EDBDFAA-4F1D-4A2C-B0FC-9B23D8B3F243}.Debug|Any CPU.Build.0 = Debug|Any CPU
		{6EDBDFAA-4F1D-4A2C-B0FC-9B23D8B3F243}.Release|Any CPU.ActiveCfg = Release|Any CPU
		{6EDBDFAA-4F1D-4A2C-B0FC-9B23D8B3F243}.Release|Any CPU.Build.0 = Release|Any CPU
		{3229CE6A-BE7B-49E8-9570-AAA6C35766E2}.Debug|Any CPU.ActiveCfg = Debug|Any CPU
		{3229CE6A-BE7B-49E8-9570-AAA6C35766E2}.Debug|Any CPU.Build.0 = Debug|Any CPU
		{3229CE6A-BE7B-49E8-9570-AAA6C35766E2}.Debug|Any CPU.Deploy.0 = Debug|Any CPU
		{3229CE6A-BE7B-49E8-9570-AAA6C35766E2}.Release|Any CPU.ActiveCfg = Release|Any CPU
		{3229CE6A-BE7B-49E8-9570-AAA6C35766E2}.Release|Any CPU.Build.0 = Release|Any CPU
		{3229CE6A-BE7B-49E8-9570-AAA6C35766E2}.Release|Any CPU.Deploy.0 = Release|Any CPU
	EndGlobalSection
	GlobalSection(SolutionProperties) = preSolution
		HideSolutionNode = FALSE
	EndGlobalSection
	GlobalSection(ExtensibilityGlobals) = postSolution
		SolutionGuid = {AC0FC7FE-F049-48D3-8338-58E805A92461}
	EndGlobalSection
EndGlobal
